
Microsoft Visual Studio Solution File, Format Version 11.00
# Visual Studio 2010
Project("{2150E333-8FDC-42A3-9474-1A3956D46DE8}") = "Solution Items", "Solution Items", "{DF9E9159-1B1F-4514-A2B2-16D7F4F60F67}"
EndProject
Project("{FAE04EC0-301F-11D3-BF4B-00C04F79EFBC}") = "Trust4", "Trust4\Trust4.csproj", "{23FAC2A4-FC90-4C01-B8C0-613D99D74E52}"
EndProject
Project("{FAE04EC0-301F-11D3-BF4B-00C04F79EFBC}") = "ARSoft.Tools.Net", "ARSoft.Tools.Net\ARSoft.Tools.Net.csproj", "{65BFA748-C640-49B0-B506-34BBB165233A}"
EndProject
Project("{FAE04EC0-301F-11D3-BF4B-00C04F79EFBC}") = "Base32Encoder", "Base32Encoder\Base32Encoder.csproj", "{510EC060-479F-4A49-86E8-A06A4D7B7AFC}"
EndProject
Global
	GlobalSection(SolutionConfigurationPlatforms) = preSolution
		Debug|Any CPU = Debug|Any CPU
		Net20|Any CPU = Net20|Any CPU
		Profile|Any CPU = Profile|Any CPU
		Release|Any CPU = Release|Any CPU
		Silverlight2|Any CPU = Silverlight2|Any CPU
	EndGlobalSection
	GlobalSection(ProjectConfigurationPlatforms) = postSolution
		{23FAC2A4-FC90-4C01-B8C0-613D99D74E52}.Debug|Any CPU.ActiveCfg = Debug|Any CPU
		{23FAC2A4-FC90-4C01-B8C0-613D99D74E52}.Debug|Any CPU.Build.0 = Debug|Any CPU
		{23FAC2A4-FC90-4C01-B8C0-613D99D74E52}.Net20|Any CPU.ActiveCfg = Release|Any CPU
		{23FAC2A4-FC90-4C01-B8C0-613D99D74E52}.Net20|Any CPU.Build.0 = Release|Any CPU
		{23FAC2A4-FC90-4C01-B8C0-613D99D74E52}.Profile|Any CPU.ActiveCfg = Release|Any CPU
		{23FAC2A4-FC90-4C01-B8C0-613D99D74E52}.Profile|Any CPU.Build.0 = Release|Any CPU
		{23FAC2A4-FC90-4C01-B8C0-613D99D74E52}.Release|Any CPU.ActiveCfg = Release|Any CPU
		{23FAC2A4-FC90-4C01-B8C0-613D99D74E52}.Release|Any CPU.Build.0 = Release|Any CPU
		{23FAC2A4-FC90-4C01-B8C0-613D99D74E52}.Silverlight2|Any CPU.ActiveCfg = Release|Any CPU
		{23FAC2A4-FC90-4C01-B8C0-613D99D74E52}.Silverlight2|Any CPU.Build.0 = Release|Any CPU
		{510EC060-479F-4A49-86E8-A06A4D7B7AFC}.Debug|Any CPU.ActiveCfg = Debug|Any CPU
		{510EC060-479F-4A49-86E8-A06A4D7B7AFC}.Debug|Any CPU.Build.0 = Debug|Any CPU
		{510EC060-479F-4A49-86E8-A06A4D7B7AFC}.Net20|Any CPU.ActiveCfg = Debug|Any CPU
		{510EC060-479F-4A49-86E8-A06A4D7B7AFC}.Net20|Any CPU.Build.0 = Debug|Any CPU
		{510EC060-479F-4A49-86E8-A06A4D7B7AFC}.Profile|Any CPU.ActiveCfg = Debug|Any CPU
		{510EC060-479F-4A49-86E8-A06A4D7B7AFC}.Profile|Any CPU.Build.0 = Debug|Any CPU
		{510EC060-479F-4A49-86E8-A06A4D7B7AFC}.Release|Any CPU.ActiveCfg = Release|Any CPU
		{510EC060-479F-4A49-86E8-A06A4D7B7AFC}.Release|Any CPU.Build.0 = Release|Any CPU
		{510EC060-479F-4A49-86E8-A06A4D7B7AFC}.Silverlight2|Any CPU.ActiveCfg = Debug|Any CPU
		{510EC060-479F-4A49-86E8-A06A4D7B7AFC}.Silverlight2|Any CPU.Build.0 = Debug|Any CPU
		{65BFA748-C640-49B0-B506-34BBB165233A}.Debug|Any CPU.ActiveCfg = Debug|Any CPU
		{65BFA748-C640-49B0-B506-34BBB165233A}.Debug|Any CPU.Build.0 = Debug|Any CPU
		{65BFA748-C640-49B0-B506-34BBB165233A}.Net20|Any CPU.ActiveCfg = Release|Any CPU
		{65BFA748-C640-49B0-B506-34BBB165233A}.Net20|Any CPU.Build.0 = Release|Any CPU
		{65BFA748-C640-49B0-B506-34BBB165233A}.Profile|Any CPU.ActiveCfg = Release|Any CPU
		{65BFA748-C640-49B0-B506-34BBB165233A}.Profile|Any CPU.Build.0 = Release|Any CPU
		{65BFA748-C640-49B0-B506-34BBB165233A}.Release|Any CPU.ActiveCfg = Release|Any CPU
		{65BFA748-C640-49B0-B506-34BBB165233A}.Release|Any CPU.Build.0 = Release|Any CPU
		{65BFA748-C640-49B0-B506-34BBB165233A}.Silverlight2|Any CPU.ActiveCfg = Release|Any CPU
		{65BFA748-C640-49B0-B506-34BBB165233A}.Silverlight2|Any CPU.Build.0 = Release|Any CPU
	EndGlobalSection
	GlobalSection(NestedProjects) = preSolution
	EndGlobalSection
	GlobalSection(MonoDevelopProperties) = preSolution
		StartupItem = Trust4\Trust4.csproj
	EndGlobalSection
	GlobalSection(SolutionProperties) = preSolution
		HideSolutionNode = FALSE
	EndGlobalSection
EndGlobal
